
Microsoft Visual Studio Solution File, Format Version 12.00
# Visual Studio Version 16
VisualStudioVersion = 16.0.30011.22
MinimumVisualStudioVersion = 10.0.40219.1
Project("{FAE04EC0-301F-11D3-BF4B-00C04F79EFBC}") = "Greedy_Flourist", "Greedy_Flourist\Greedy_Flourist.csproj", "{A5C2CC1E-3E36-4D90-A4FC-1841C1554F9B}"
EndProject
Global
	GlobalSection(SolutionConfigurationPlatforms) = preSolution
		Debug|Any CPU = Debug|Any CPU
		Release|Any CPU = Release|Any CPU
	EndGlobalSection
	GlobalSection(ProjectConfigurationPlatforms) = postSolution
		{A5C2CC1E-3E36-4D90-A4FC-1841C1554F9B}.Debug|Any CPU.ActiveCfg = Debug|Any CPU
		{A5C2CC1E-3E36-4D90-A4FC-1841C1554F9B}.Debug|Any CPU.Build.0 = Debug|Any CPU
		{A5C2CC1E-3E36-4D90-A4FC-1841C1554F9B}.Release|Any CPU.ActiveCfg = Release|Any CPU
		{A5C2CC1E-3E36-4D90-A4FC-1841C1554F9B}.Release|Any CPU.Build.0 = Release|Any CPU
	EndGlobalSection
	GlobalSection(SolutionProperties) = preSolution
		HideSolutionNode = FALSE
	EndGlobalSection
	GlobalSection(ExtensibilityGlobals) = postSolution
		SolutionGuid = {F89960DE-4EEA-46A3-9662-0A4EA338C329}
	EndGlobalSection
EndGlobal
